// !$*UTF8*$!
{
	archiveVersion = 1;
	classes = {
	};
	objectVersion = 46;
	objects = {

/* Begin PBXBuildFile section */
		43ADFF541B0DCBC600A24D5B /* AppDelegate.swift in Sources */ = {isa = PBXBuildFile; fileRef = 43ADFF531B0DCBC600A24D5B /* AppDelegate.swift */; };
		43ADFF561B0DCBC600A24D5B /* ViewController.swift in Sources */ = {isa = PBXBuildFile; fileRef = 43ADFF551B0DCBC600A24D5B /* ViewController.swift */; };
		43ADFF5B1B0DCBC600A24D5B /* Images.xcassets in Resources */ = {isa = PBXBuildFile; fileRef = 43ADFF5A1B0DCBC600A24D5B /* Images.xcassets */; };
		43ADFF6A1B0DCBC600A24D5B /* RowForSectionTests.swift in Sources */ = {isa = PBXBuildFile; fileRef = 43ADFF691B0DCBC600A24D5B /* RowForSectionTests.swift */; };
/* End PBXBuildFile section */

/* Begin PBXContainerItemProxy section */
		43ADFF641B0DCBC600A24D5B /* PBXContainerItemProxy */ = {
			isa = PBXContainerItemProxy;
			containerPortal = 43ADFF461B0DCBC600A24D5B /* Project object */;
			proxyType = 1;
			remoteGlobalIDString = 43ADFF4D1B0DCBC600A24D5B;
			remoteInfo = RowForSection;
		};
/* End PBXContainerItemProxy section */

/* Begin PBXFileReference section */
		43ADFF4E1B0DCBC600A24D5B /* RowForSection.app */ = {isa = PBXFileReference; explicitFileType = wrapper.application; includeInIndex = 0; path = RowForSection.app; sourceTree = BUILT_PRODUCTS_DIR; };
		43ADFF521B0DCBC600A24D5B /* Info.plist */ = {isa = PBXFileReference; lastKnownFileType = text.plist.xml; path = Info.plist; sourceTree = "<group>"; };
		43ADFF531B0DCBC600A24D5B /* AppDelegate.swift */ = {isa = PBXFileReference; lastKnownFileType = sourcecode.swift; path = AppDelegate.swift; sourceTree = "<group>"; };
		43ADFF551B0DCBC600A24D5B /* ViewController.swift */ = {isa = PBXFileReference; lastKnownFileType = sourcecode.swift; path = ViewController.swift; sourceTree = "<group>"; };
		43ADFF5A1B0DCBC600A24D5B /* Images.xcassets */ = {isa = PBXFileReference; lastKnownFileType = folder.assetcatalog; path = Images.xcassets; sourceTree = "<group>"; };
		43ADFF631B0DCBC600A24D5B /* RowForSectionTests.xctest */ = {isa = PBXFileReference; explicitFileType = wrapper.cfbundle; includeInIndex = 0; path = RowForSectionTests.xctest; sourceTree = BUILT_PRODUCTS_DIR; };
		43ADFF681B0DCBC600A24D5B /* Info.plist */ = {isa = PBXFileReference; lastKnownFileType = text.plist.xml; path = Info.plist; sourceTree = "<group>"; };
		43ADFF691B0DCBC600A24D5B /* RowForSectionTests.swift */ = {isa = PBXFileReference; lastKnownFileType = sourcecode.swift; path = RowForSectionTests.swift; sourceTree = "<group>"; };
/* End PBXFileReference section */

/* Begin PBXFrameworksBuildPhase section */
		43ADFF4B1B0DCBC600A24D5B /* Frameworks */ = {
			isa = PBXFrameworksBuildPhase;
			buildActionMask = 2147483647;
			files = (
			);
			runOnlyForDeploymentPostprocessing = 0;
		};
		43ADFF601B0DCBC600A24D5B /* Frameworks */ = {
			isa = PBXFrameworksBuildPhase;
			buildActionMask = 2147483647;
			files = (
			);
			runOnlyForDeploymentPostprocessing = 0;
		};
/* End PBXFrameworksBuildPhase section */

/* Begin PBXGroup section */
		43ADFF451B0DCBC600A24D5B = {
			isa = PBXGroup;
			children = (
				43ADFF501B0DCBC600A24D5B /* RowForSection */,
				43ADFF661B0DCBC600A24D5B /* RowForSectionTests */,
				43ADFF4F1B0DCBC600A24D5B /* Products */,
			);
			sourceTree = "<group>";
		};
		43ADFF4F1B0DCBC600A24D5B /* Products */ = {
			isa = PBXGroup;
			children = (
				43ADFF4E1B0DCBC600A24D5B /* RowForSection.app */,
				43ADFF631B0DCBC600A24D5B /* RowForSectionTests.xctest */,
			);
			name = Products;
			sourceTree = "<group>";
		};
		43ADFF501B0DCBC600A24D5B /* RowForSection */ = {
			isa = PBXGroup;
			children = (
				43ADFF531B0DCBC600A24D5B /* AppDelegate.swift */,
				43ADFF551B0DCBC600A24D5B /* ViewController.swift */,
				43ADFF5A1B0DCBC600A24D5B /* Images.xcassets */,
				43ADFF511B0DCBC600A24D5B /* Supporting Files */,
			);
			path = RowForSection;
			sourceTree = "<group>";
		};
		43ADFF511B0DCBC600A24D5B /* Supporting Files */ = {
			isa = PBXGroup;
			children = (
				43ADFF521B0DCBC600A24D5B /* Info.plist */,
			);
			name = "Supporting Files";
			sourceTree = "<group>";
		};
		43ADFF661B0DCBC600A24D5B /* RowForSectionTests */ = {
			isa = PBXGroup;
			children = (
				43ADFF691B0DCBC600A24D5B /* RowForSectionTests.swift */,
				43ADFF671B0DCBC600A24D5B /* Supporting Files */,
			);
			path = RowForSectionTests;
			sourceTree = "<group>";
		};
		43ADFF671B0DCBC600A24D5B /* Supporting Files */ = {
			isa = PBXGroup;
			children = (
				43ADFF681B0DCBC600A24D5B /* Info.plist */,
			);
			name = "Supporting Files";
			sourceTree = "<group>";
		};
/* End PBXGroup section */

/* Begin PBXNativeTarget section */
		43ADFF4D1B0DCBC600A24D5B /* RowForSection */ = {
			isa = PBXNativeTarget;
			buildConfigurationList = 43ADFF6D1B0DCBC600A24D5B /* Build configuration list for PBXNativeTarget "RowForSection" */;
			buildPhases = (
				43ADFF4A1B0DCBC600A24D5B /* Sources */,
				43ADFF4B1B0DCBC600A24D5B /* Frameworks */,
				43ADFF4C1B0DCBC600A24D5B /* Resources */,
			);
			buildRules = (
			);
			dependencies = (
			);
			name = RowForSection;
			productName = RowForSection;
			productReference = 43ADFF4E1B0DCBC600A24D5B /* RowForSection.app */;
			productType = "com.apple.product-type.application";
		};
		43ADFF621B0DCBC600A24D5B /* RowForSectionTests */ = {
			isa = PBXNativeTarget;
			buildConfigurationList = 43ADFF701B0DCBC600A24D5B /* Build configuration list for PBXNativeTarget "RowForSectionTests" */;
			buildPhases = (
				43ADFF5F1B0DCBC600A24D5B /* Sources */,
				43ADFF601B0DCBC600A24D5B /* Frameworks */,
				43ADFF611B0DCBC600A24D5B /* Resources */,
			);
			buildRules = (
			);
			dependencies = (
				43ADFF651B0DCBC600A24D5B /* PBXTargetDependency */,
			);
			name = RowForSectionTests;
			productName = RowForSectionTests;
			productReference = 43ADFF631B0DCBC600A24D5B /* RowForSectionTests.xctest */;
			productType = "com.apple.product-type.bundle.unit-test";
		};
/* End PBXNativeTarget section */

/* Begin PBXProject section */
		43ADFF461B0DCBC600A24D5B /* Project object */ = {
			isa = PBXProject;
			attributes = {
				LastUpgradeCheck = 0620;
				ORGANIZATIONNAME = zhenkun;
				TargetAttributes = {
					43ADFF4D1B0DCBC600A24D5B = {
						CreatedOnToolsVersion = 6.2;
					};
					43ADFF621B0DCBC600A24D5B = {
						CreatedOnToolsVersion = 6.2;
						TestTargetID = 43ADFF4D1B0DCBC600A24D5B;
					};
				};
			};
			buildConfigurationList = 43ADFF491B0DCBC600A24D5B /* Build configuration list for PBXProject "RowForSection" */;
			compatibilityVersion = "Xcode 3.2";
			developmentRegion = English;
			hasScannedForEncodings = 0;
			knownRegions = (
				en,
				Base,
			);
			mainGroup = 43ADFF451B0DCBC600A24D5B;
			productRefGroup = 43ADFF4F1B0DCBC600A24D5B /* Products */;
			projectDirPath = "";
			projectRoot = "";
			targets = (
				43ADFF4D1B0DCBC600A24D5B /* RowForSection */,
				43ADFF621B0DCBC600A24D5B /* RowForSectionTests */,
			);
		};
/* End PBXProject section */

/* Begin PBXResourcesBuildPhase section */
		43ADFF4C1B0DCBC600A24D5B /* Resources */ = {
			isa = PBXResourcesBuildPhase;
			buildActionMask = 2147483647;
			files = (
				43ADFF5B1B0DCBC600A24D5B /* Images.xcassets in Resources */,
			);
			runOnlyForDeploymentPostprocessing = 0;
		};
		43ADFF611B0DCBC600A24D5B /* Resources */ = {
			isa = PBXResourcesBuildPhase;
			buildActionMask = 2147483647;
			files = (
			);
			runOnlyForDeploymentPostprocessing = 0;
		};
/* End PBXResourcesBuildPhase section */

/* Begin PBXSourcesBuildPhase section */
		43ADFF4A1B0DCBC600A24D5B /* Sources */ = {
			isa = PBXSourcesBuildPhase;
			buildActionMask = 2147483647;
			files = (
				43ADFF561B0DCBC600A24D5B /* ViewController.swift in Sources */,
				43ADFF541B0DCBC600A24D5B /* AppDelegate.swift in Sources */,
			);
			runOnlyForDeploymentPostprocessing = 0;
		};
		43ADFF5F1B0DCBC600A24D5B /* Sources */ = {
			isa = PBXSourcesBuildPhase;
			buildActionMask = 2147483647;
			files = (
				43ADFF6A1B0DCBC600A24D5B /* RowForSectionTests.swift in Sources */,
			);
			runOnlyForDeploymentPostprocessing = 0;
		};
/* End PBXSourcesBuildPhase section */

/* Begin PBXTargetDependency section */
		43ADFF651B0DCBC600A24D5B /* PBXTargetDependency */ = {
			isa = PBXTargetDependency;
			target = 43ADFF4D1B0DCBC600A24D5B /* RowForSection */;
			targetProxy = 43ADFF641B0DCBC600A24D5B /* PBXContainerItemProxy */;
		};
/* End PBXTargetDependency section */

/* Begin XCBuildConfiguration section */
		43ADFF6B1B0DCBC600A24D5B /* Debug */ = {
			isa = XCBuildConfiguration;
			buildSettings = {
				ALWAYS_SEARCH_USER_PATHS = NO;
				CLANG_CXX_LANGUAGE_STANDARD = "gnu++0x";
				CLANG_CXX_LIBRARY = "libc++";
				CLANG_ENABLE_MODULES = YES;
				CLANG_ENABLE_OBJC_ARC = YES;
				CLANG_WARN_BOOL_CONVERSION = YES;
				CLANG_WARN_CONSTANT_CONVERSION = YES;
				CLANG_WARN_DIRECT_OBJC_ISA_USAGE = YES_ERROR;
				CLANG_WARN_EMPTY_BODY = YES;
				CLANG_WARN_ENUM_CONVERSION = YES;
				CLANG_WARN_INT_CONVERSION = YES;
				CLANG_WARN_OBJC_ROOT_CLASS = YES_ERROR;
				CLANG_WARN_UNREACHABLE_CODE = YES;
				CLANG_WARN__DUPLICATE_METHOD_MATCH = YES;
				"CODE_SIGN_IDENTITY[sdk=iphoneos*]" = "iPhone Developer";
				COPY_PHASE_STRIP = NO;
				ENABLE_STRICT_OBJC_MSGSEND = YES;
				GCC_C_LANGUAGE_STANDARD = gnu99;
				GCC_DYNAMIC_NO_PIC = NO;
				GCC_OPTIMIZATION_LEVEL = 0;
				GCC_PREPROCESSOR_DEFINITIONS = (
					"DEBUG=1",
					"$(inherited)",
				);
				GCC_SYMBOLS_PRIVATE_EXTERN = NO;
				GCC_WARN_64_TO_32_BIT_CONVERSION = YES;
				GCC_WARN_ABOUT_RETURN_TYPE = YES_ERROR;
				GCC_WARN_UNDECLARED_SELECTOR = YES;
				GCC_WARN_UNINITIALIZED_AUTOS = YES_AGGRESSIVE;
				GCC_WARN_UNUSED_FUNCTION = YES;
				GCC_WARN_UNUSED_VARIABLE = YES;
				IPHONEOS_DEPLOYMENT_TARGET = 8.2;
				MTL_ENABLE_DEBUG_INFO = YES;
				ONLY_ACTIVE_ARCH = YES;
				SDKROOT = iphoneos;
				SWIFT_OPTIMIZATION_LEVEL = "-Onone";
			};
			name = Debug;
		};
		43ADFF6C1B0DCBC600A24D5B /* Release */ = {
			isa = XCBuildConfiguration;
			buildSettings = {
				ALWAYS_SEARCH_USER_PATHS = NO;
				CLANG_CXX_LANGUAGE_STANDARD = "gnu++0x";
				CLANG_CXX_LIBRARY = "libc++";
				CLANG_ENABLE_MODULES = YES;
				CLANG_ENABLE_OBJC_ARC = YES;
				CLANG_WARN_BOOL_CONVERSION = YES;
				CLANG_WARN_CONSTANT_CONVERSION = YES;
				CLANG_WARN_DIRECT_OBJC_ISA_USAGE = YES_ERROR;
				CLANG_WARN_EMPTY_BODY = YES;
				CLANG_WARN_ENUM_CONVERSION = YES;
				CLANG_WARN_INT_CONVERSION = YES;
				CLANG_WARN_OBJC_ROOT_CLASS = YES_ERROR;
				CLANG_WARN_UNREACHABLE_CODE = YES;
				CLANG_WARN__DUPLICATE_METHOD_MATCH = YES;
				"CODE_SIGN_IDENTITY[sdk=iphoneos*]" = "iPhone Developer";
				COPY_PHASE_STRIP = NO;
				ENABLE_NS_ASSERTIONS = NO;
				ENABLE_STRICT_OBJC_MSGSEND = YES;
				GCC_C_LANGUAGE_STANDARD = gnu99;
				GCC_WARN_64_TO_32_BIT_CONVERSION = YES;
				GCC_WARN_ABOUT_RETURN_TYPE = YES_ERROR;
				GCC_WARN_UNDECLARED_SELECTOR = YES;
				GCC_WARN_UNINITIALIZED_AUTOS = YES_AGGRESSIVE;
				GCC_WARN_UNUSED_FUNCTION = YES;
				GCC_WARN_UNUSED_VARIABLE = YES;
				IPHONEOS_DEPLOYMENT_TARGET = 8.2;
				MTL_ENABLE_DEBUG_INFO = NO;
				SDKROOT = iphoneos;
				VALIDATE_PRODUCT = YES;
			};
			name = Release;
		};
		43ADFF6E1B0DCBC600A24D5B /* Debug */ = {
			isa = XCBuildConfiguration;
			buildSettings = {
				ASSETCATALOG_COMPILER_APPICON_NAME = AppIcon;
				INFOPLIST_FILE = RowForSection/Info.plist;
				LD_RUNPATH_SEARCH_PATHS = "$(inherited) @executable_path/Frameworks";
				PRODUCT_NAME = "$(TARGET_NAME)";
			};
			name = Debug;
		};
		43ADFF6F1B0DCBC600A24D5B /* Release */ = {
			isa = XCBuildConfiguration;
			buildSettings = {
				ASSETCATALOG_COMPILER_APPICON_NAME = AppIcon;
				INFOPLIST_FILE = RowForSection/Info.plist;
				LD_RUNPATH_SEARCH_PATHS = "$(inherited) @executable_path/Frameworks";
				PRODUCT_NAME = "$(TARGET_NAME)";
			};
			name = Release;
		};
		43ADFF711B0DCBC600A24D5B /* Debug */ = {
			isa = XCBuildConfiguration;
			buildSettings = {
				BUNDLE_LOADER = "$(TEST_HOST)";
				FRAMEWORK_SEARCH_PATHS = (
					"$(SDKROOT)/Developer/Library/Frameworks",
					"$(inherited)",
				);
				GCC_PREPROCESSOR_DEFINITIONS = (
					"DEBUG=1",
					"$(inherited)",
				);
				INFOPLIST_FILE = RowForSectionTests/Info.plist;
				LD_RUNPATH_SEARCH_PATHS = "$(inherited) @executable_path/Frameworks @loader_path/Frameworks";
				PRODUCT_NAME = "$(TARGET_NAME)";
				TEST_HOST = "$(BUILT_PRODUCTS_DIR)/RowForSection.app/RowForSection";
			};
			name = Debug;
		};
		43ADFF721B0DCBC600A24D5B /* Release */ = {
			isa = XCBuildConfiguration;
			buildSettings = {
				BUNDLE_LOADER = "$(TEST_HOST)";
				FRAMEWORK_SEARCH_PATHS = (
					"$(SDKROOT)/Developer/Library/Frameworks",
					"$(inherited)",
				);
				INFOPLIST_FILE = RowForSectionTests/Info.plist;
				LD_RUNPATH_SEARCH_PATHS = "$(inherited) @executable_path/Frameworks @loader_path/Frameworks";
				PRODUCT_NAME = "$(TARGET_NAME)";
				TEST_HOST = "$(BUILT_PRODUCTS_DIR)/RowForSection.app/RowForSection";
			};
			name = Release;
		};
/* End XCBuildConfiguration section */

/* Begin XCConfigurationList section */
		43ADFF491B0DCBC600A24D5B /* Build configuration list for PBXProject "RowForSection" */ = {
			isa = XCConfigurationList;
			buildConfigurations = (
				43ADFF6B1B0DCBC600A24D5B /* Debug */,
				43ADFF6C1B0DCBC600A24D5B /* Release */,
			);
			defaultConfigurationIsVisible = 0;
			defaultConfigurationName = Release;
		};
		43ADFF6D1B0DCBC600A24D5B /* Build configuration list for PBXNativeTarget "RowForSection" */ = {
			isa = XCConfigurationList;
			buildConfigurations = (
				43ADFF6E1B0DCBC600A24D5B /* Debug */,
				43ADFF6F1B0DCBC600A24D5B /* Release */,
			);
			defaultConfigurationIsVisible = 0;
		};
		43ADFF701B0DCBC600A24D5B /* Build configuration list for PBXNativeTarget "RowForSectionTests" */ = {
			isa = XCConfigurationList;
			buildConfigurations = (
				43ADFF711B0DCBC600A24D5B /* Debug */,
				43ADFF721B0DCBC600A24D5B /* Release */,
			);
			defaultConfigurationIsVisible = 0;
		};
/* End XCConfigurationList section */
	};
	rootObject = 43ADFF461B0DCBC600A24D5B /* Project object */;
}
