// !$*UTF8*$!
{
	archiveVersion = 1;
	classes = {
	};
	objectVersion = 46;
	objects = {

/* Begin PBXBuildFile section */
		43D41D851AFB5B7B004F6CDB /* main.swift in Sources */ = {isa = PBXBuildFile; fileRef = 43D41D841AFB5B7B004F6CDB /* main.swift */; };
/* End PBXBuildFile section */

/* Begin PBXCopyFilesBuildPhase section */
		43D41D7F1AFB5B7B004F6CDB /* CopyFiles */ = {
			isa = PBXCopyFilesBuildPhase;
			buildActionMask = 2147483647;
			dstPath = /usr/share/man/man1/;
			dstSubfolderSpec = 0;
			files = (
			);
			runOnlyForDeploymentPostprocessing = 1;
		};
/* End PBXCopyFilesBuildPhase section */

/* Begin PBXFileReference section */
		43D41D811AFB5B7B004F6CDB /* Swift_13 */ = {isa = PBXFileReference; explicitFileType = "compiled.mach-o.executable"; includeInIndex = 0; path = Swift_13; sourceTree = BUILT_PRODUCTS_DIR; };
		43D41D841AFB5B7B004F6CDB /* main.swift */ = {isa = PBXFileReference; lastKnownFileType = sourcecode.swift; path = main.swift; sourceTree = "<group>"; };
/* End PBXFileReference section */

/* Begin PBXFrameworksBuildPhase section */
		43D41D7E1AFB5B7B004F6CDB /* Frameworks */ = {
			isa = PBXFrameworksBuildPhase;
			buildActionMask = 2147483647;
			files = (
			);
			runOnlyForDeploymentPostprocessing = 0;
		};
/* End PBXFrameworksBuildPhase section */

/* Begin PBXGroup section */
		43D41D781AFB5B7B004F6CDB = {
			isa = PBXGroup;
			children = (
				43D41D831AFB5B7B004F6CDB /* Swift_13 */,
				43D41D821AFB5B7B004F6CDB /* Products */,
			);
			sourceTree = "<group>";
		};
		43D41D821AFB5B7B004F6CDB /* Products */ = {
			isa = PBXGroup;
			children = (
				43D41D811AFB5B7B004F6CDB /* Swift_13 */,
			);
			name = Products;
			sourceTree = "<group>";
		};
		43D41D831AFB5B7B004F6CDB /* Swift_13 */ = {
			isa = PBXGroup;
			children = (
				43D41D841AFB5B7B004F6CDB /* main.swift */,
			);
			path = Swift_13;
			sourceTree = "<group>";
		};
/* End PBXGroup section */

/* Begin PBXNativeTarget section */
		43D41D801AFB5B7B004F6CDB /* Swift_13 */ = {
			isa = PBXNativeTarget;
			buildConfigurationList = 43D41D881AFB5B7B004F6CDB /* Build configuration list for PBXNativeTarget "Swift_13" */;
			buildPhases = (
				43D41D7D1AFB5B7B004F6CDB /* Sources */,
				43D41D7E1AFB5B7B004F6CDB /* Frameworks */,
				43D41D7F1AFB5B7B004F6CDB /* CopyFiles */,
			);
			buildRules = (
			);
			dependencies = (
			);
			name = Swift_13;
			productName = Swift_13;
			productReference = 43D41D811AFB5B7B004F6CDB /* Swift_13 */;
			productType = "com.apple.product-type.tool";
		};
/* End PBXNativeTarget section */

/* Begin PBXProject section */
		43D41D791AFB5B7B004F6CDB /* Project object */ = {
			isa = PBXProject;
			attributes = {
				LastUpgradeCheck = 0620;
				ORGANIZATIONNAME = zhenkun;
				TargetAttributes = {
					43D41D801AFB5B7B004F6CDB = {
						CreatedOnToolsVersion = 6.2;
					};
				};
			};
			buildConfigurationList = 43D41D7C1AFB5B7B004F6CDB /* Build configuration list for PBXProject "Swift_13" */;
			compatibilityVersion = "Xcode 3.2";
			developmentRegion = English;
			hasScannedForEncodings = 0;
			knownRegions = (
				en,
			);
			mainGroup = 43D41D781AFB5B7B004F6CDB;
			productRefGroup = 43D41D821AFB5B7B004F6CDB /* Products */;
			projectDirPath = "";
			projectRoot = "";
			targets = (
				43D41D801AFB5B7B004F6CDB /* Swift_13 */,
			);
		};
/* End PBXProject section */

/* Begin PBXSourcesBuildPhase section */
		43D41D7D1AFB5B7B004F6CDB /* Sources */ = {
			isa = PBXSourcesBuildPhase;
			buildActionMask = 2147483647;
			files = (
				43D41D851AFB5B7B004F6CDB /* main.swift in Sources */,
			);
			runOnlyForDeploymentPostprocessing = 0;
		};
/* End PBXSourcesBuildPhase section */

/* Begin XCBuildConfiguration section */
		43D41D861AFB5B7B004F6CDB /* Debug */ = {
			isa = XCBuildConfiguration;
			buildSettings = {
				ALWAYS_SEARCH_USER_PATHS = NO;
				CLANG_CXX_LANGUAGE_STANDARD = "gnu++0x";
				CLANG_CXX_LIBRARY = "libc++";
				CLANG_ENABLE_MODULES = YES;
				CLANG_ENABLE_OBJC_ARC = YES;
				CLANG_WARN_BOOL_CONVERSION = YES;
				CLANG_WARN_CONSTANT_CONVERSION = YES;
				CLANG_WARN_DIRECT_OBJC_ISA_USAGE = YES_ERROR;
				CLANG_WARN_EMPTY_BODY = YES;
				CLANG_WARN_ENUM_CONVERSION = YES;
				CLANG_WARN_INT_CONVERSION = YES;
				CLANG_WARN_OBJC_ROOT_CLASS = YES_ERROR;
				CLANG_WARN_UNREACHABLE_CODE = YES;
				CLANG_WARN__DUPLICATE_METHOD_MATCH = YES;
				COPY_PHASE_STRIP = NO;
				ENABLE_STRICT_OBJC_MSGSEND = YES;
				GCC_C_LANGUAGE_STANDARD = gnu99;
				GCC_DYNAMIC_NO_PIC = NO;
				GCC_OPTIMIZATION_LEVEL = 0;
				GCC_PREPROCESSOR_DEFINITIONS = (
					"DEBUG=1",
					"$(inherited)",
				);
				GCC_SYMBOLS_PRIVATE_EXTERN = NO;
				GCC_WARN_64_TO_32_BIT_CONVERSION = YES;
				GCC_WARN_ABOUT_RETURN_TYPE = YES_ERROR;
				GCC_WARN_UNDECLARED_SELECTOR = YES;
				GCC_WARN_UNINITIALIZED_AUTOS = YES_AGGRESSIVE;
				GCC_WARN_UNUSED_FUNCTION = YES;
				GCC_WARN_UNUSED_VARIABLE = YES;
				MACOSX_DEPLOYMENT_TARGET = 10.10;
				MTL_ENABLE_DEBUG_INFO = YES;
				ONLY_ACTIVE_ARCH = YES;
				SDKROOT = macosx;
				SWIFT_OPTIMIZATION_LEVEL = "-Onone";
			};
			name = Debug;
		};
		43D41D871AFB5B7B004F6CDB /* Release */ = {
			isa = XCBuildConfiguration;
			buildSettings = {
				ALWAYS_SEARCH_USER_PATHS = NO;
				CLANG_CXX_LANGUAGE_STANDARD = "gnu++0x";
				CLANG_CXX_LIBRARY = "libc++";
				CLANG_ENABLE_MODULES = YES;
				CLANG_ENABLE_OBJC_ARC = YES;
				CLANG_WARN_BOOL_CONVERSION = YES;
				CLANG_WARN_CONSTANT_CONVERSION = YES;
				CLANG_WARN_DIRECT_OBJC_ISA_USAGE = YES_ERROR;
				CLANG_WARN_EMPTY_BODY = YES;
				CLANG_WARN_ENUM_CONVERSION = YES;
				CLANG_WARN_INT_CONVERSION = YES;
				CLANG_WARN_OBJC_ROOT_CLASS = YES_ERROR;
				CLANG_WARN_UNREACHABLE_CODE = YES;
				CLANG_WARN__DUPLICATE_METHOD_MATCH = YES;
				COPY_PHASE_STRIP = NO;
				DEBUG_INFORMATION_FORMAT = "dwarf-with-dsym";
				ENABLE_NS_ASSERTIONS = NO;
				ENABLE_STRICT_OBJC_MSGSEND = YES;
				GCC_C_LANGUAGE_STANDARD = gnu99;
				GCC_WARN_64_TO_32_BIT_CONVERSION = YES;
				GCC_WARN_ABOUT_RETURN_TYPE = YES_ERROR;
				GCC_WARN_UNDECLARED_SELECTOR = YES;
				GCC_WARN_UNINITIALIZED_AUTOS = YES_AGGRESSIVE;
				GCC_WARN_UNUSED_FUNCTION = YES;
				GCC_WARN_UNUSED_VARIABLE = YES;
				MACOSX_DEPLOYMENT_TARGET = 10.10;
				MTL_ENABLE_DEBUG_INFO = NO;
				SDKROOT = macosx;
			};
			name = Release;
		};
		43D41D891AFB5B7B004F6CDB /* Debug */ = {
			isa = XCBuildConfiguration;
			buildSettings = {
				PRODUCT_NAME = "$(TARGET_NAME)";
			};
			name = Debug;
		};
		43D41D8A1AFB5B7B004F6CDB /* Release */ = {
			isa = XCBuildConfiguration;
			buildSettings = {
				PRODUCT_NAME = "$(TARGET_NAME)";
			};
			name = Release;
		};
/* End XCBuildConfiguration section */

/* Begin XCConfigurationList section */
		43D41D7C1AFB5B7B004F6CDB /* Build configuration list for PBXProject "Swift_13" */ = {
			isa = XCConfigurationList;
			buildConfigurations = (
				43D41D861AFB5B7B004F6CDB /* Debug */,
				43D41D871AFB5B7B004F6CDB /* Release */,
			);
			defaultConfigurationIsVisible = 0;
			defaultConfigurationName = Release;
		};
		43D41D881AFB5B7B004F6CDB /* Build configuration list for PBXNativeTarget "Swift_13" */ = {
			isa = XCConfigurationList;
			buildConfigurations = (
				43D41D891AFB5B7B004F6CDB /* Debug */,
				43D41D8A1AFB5B7B004F6CDB /* Release */,
			);
			defaultConfigurationIsVisible = 0;
		};
/* End XCConfigurationList section */
	};
	rootObject = 43D41D791AFB5B7B004F6CDB /* Project object */;
}
