// !$*UTF8*$!
{
	archiveVersion = 1;
	classes = {
	};
	objectVersion = 46;
	objects = {

/* Begin PBXBuildFile section */
		4351616F1B03268100621D45 /* AppDelegate.swift in Sources */ = {isa = PBXBuildFile; fileRef = 4351616E1B03268100621D45 /* AppDelegate.swift */; };
		435161761B03268100621D45 /* Images.xcassets in Resources */ = {isa = PBXBuildFile; fileRef = 435161751B03268100621D45 /* Images.xcassets */; };
		435161851B03268200621D45 /* ViewContainer_04Tests.swift in Sources */ = {isa = PBXBuildFile; fileRef = 435161841B03268200621D45 /* ViewContainer_04Tests.swift */; };
		4351618F1B0326B100621D45 /* MainView.swift in Sources */ = {isa = PBXBuildFile; fileRef = 4351618E1B0326B100621D45 /* MainView.swift */; };
/* End PBXBuildFile section */

/* Begin PBXContainerItemProxy section */
		4351617F1B03268200621D45 /* PBXContainerItemProxy */ = {
			isa = PBXContainerItemProxy;
			containerPortal = 435161611B03268100621D45 /* Project object */;
			proxyType = 1;
			remoteGlobalIDString = 435161681B03268100621D45;
			remoteInfo = ViewContainer_04;
		};
/* End PBXContainerItemProxy section */

/* Begin PBXFileReference section */
		435161691B03268100621D45 /* ViewContainer_04.app */ = {isa = PBXFileReference; explicitFileType = wrapper.application; includeInIndex = 0; path = ViewContainer_04.app; sourceTree = BUILT_PRODUCTS_DIR; };
		4351616D1B03268100621D45 /* Info.plist */ = {isa = PBXFileReference; lastKnownFileType = text.plist.xml; path = Info.plist; sourceTree = "<group>"; };
		4351616E1B03268100621D45 /* AppDelegate.swift */ = {isa = PBXFileReference; lastKnownFileType = sourcecode.swift; path = AppDelegate.swift; sourceTree = "<group>"; };
		435161751B03268100621D45 /* Images.xcassets */ = {isa = PBXFileReference; lastKnownFileType = folder.assetcatalog; path = Images.xcassets; sourceTree = "<group>"; };
		4351617E1B03268200621D45 /* ViewContainer_04Tests.xctest */ = {isa = PBXFileReference; explicitFileType = wrapper.cfbundle; includeInIndex = 0; path = ViewContainer_04Tests.xctest; sourceTree = BUILT_PRODUCTS_DIR; };
		435161831B03268200621D45 /* Info.plist */ = {isa = PBXFileReference; lastKnownFileType = text.plist.xml; path = Info.plist; sourceTree = "<group>"; };
		435161841B03268200621D45 /* ViewContainer_04Tests.swift */ = {isa = PBXFileReference; lastKnownFileType = sourcecode.swift; path = ViewContainer_04Tests.swift; sourceTree = "<group>"; };
		4351618E1B0326B100621D45 /* MainView.swift */ = {isa = PBXFileReference; fileEncoding = 4; lastKnownFileType = sourcecode.swift; path = MainView.swift; sourceTree = "<group>"; };
/* End PBXFileReference section */

/* Begin PBXFrameworksBuildPhase section */
		435161661B03268100621D45 /* Frameworks */ = {
			isa = PBXFrameworksBuildPhase;
			buildActionMask = 2147483647;
			files = (
			);
			runOnlyForDeploymentPostprocessing = 0;
		};
		4351617B1B03268200621D45 /* Frameworks */ = {
			isa = PBXFrameworksBuildPhase;
			buildActionMask = 2147483647;
			files = (
			);
			runOnlyForDeploymentPostprocessing = 0;
		};
/* End PBXFrameworksBuildPhase section */

/* Begin PBXGroup section */
		435161601B03268100621D45 = {
			isa = PBXGroup;
			children = (
				4351616B1B03268100621D45 /* ViewContainer_04 */,
				435161811B03268200621D45 /* ViewContainer_04Tests */,
				4351616A1B03268100621D45 /* Products */,
			);
			sourceTree = "<group>";
		};
		4351616A1B03268100621D45 /* Products */ = {
			isa = PBXGroup;
			children = (
				435161691B03268100621D45 /* ViewContainer_04.app */,
				4351617E1B03268200621D45 /* ViewContainer_04Tests.xctest */,
			);
			name = Products;
			sourceTree = "<group>";
		};
		4351616B1B03268100621D45 /* ViewContainer_04 */ = {
			isa = PBXGroup;
			children = (
				4351616E1B03268100621D45 /* AppDelegate.swift */,
				4351618E1B0326B100621D45 /* MainView.swift */,
				4351616C1B03268100621D45 /* Supporting Files */,
			);
			path = ViewContainer_04;
			sourceTree = "<group>";
		};
		4351616C1B03268100621D45 /* Supporting Files */ = {
			isa = PBXGroup;
			children = (
				435161751B03268100621D45 /* Images.xcassets */,
				4351616D1B03268100621D45 /* Info.plist */,
			);
			name = "Supporting Files";
			sourceTree = "<group>";
		};
		435161811B03268200621D45 /* ViewContainer_04Tests */ = {
			isa = PBXGroup;
			children = (
				435161841B03268200621D45 /* ViewContainer_04Tests.swift */,
				435161821B03268200621D45 /* Supporting Files */,
			);
			path = ViewContainer_04Tests;
			sourceTree = "<group>";
		};
		435161821B03268200621D45 /* Supporting Files */ = {
			isa = PBXGroup;
			children = (
				435161831B03268200621D45 /* Info.plist */,
			);
			name = "Supporting Files";
			sourceTree = "<group>";
		};
/* End PBXGroup section */

/* Begin PBXNativeTarget section */
		435161681B03268100621D45 /* ViewContainer_04 */ = {
			isa = PBXNativeTarget;
			buildConfigurationList = 435161881B03268200621D45 /* Build configuration list for PBXNativeTarget "ViewContainer_04" */;
			buildPhases = (
				435161651B03268100621D45 /* Sources */,
				435161661B03268100621D45 /* Frameworks */,
				435161671B03268100621D45 /* Resources */,
			);
			buildRules = (
			);
			dependencies = (
			);
			name = ViewContainer_04;
			productName = ViewContainer_04;
			productReference = 435161691B03268100621D45 /* ViewContainer_04.app */;
			productType = "com.apple.product-type.application";
		};
		4351617D1B03268200621D45 /* ViewContainer_04Tests */ = {
			isa = PBXNativeTarget;
			buildConfigurationList = 4351618B1B03268200621D45 /* Build configuration list for PBXNativeTarget "ViewContainer_04Tests" */;
			buildPhases = (
				4351617A1B03268200621D45 /* Sources */,
				4351617B1B03268200621D45 /* Frameworks */,
				4351617C1B03268200621D45 /* Resources */,
			);
			buildRules = (
			);
			dependencies = (
				435161801B03268200621D45 /* PBXTargetDependency */,
			);
			name = ViewContainer_04Tests;
			productName = ViewContainer_04Tests;
			productReference = 4351617E1B03268200621D45 /* ViewContainer_04Tests.xctest */;
			productType = "com.apple.product-type.bundle.unit-test";
		};
/* End PBXNativeTarget section */

/* Begin PBXProject section */
		435161611B03268100621D45 /* Project object */ = {
			isa = PBXProject;
			attributes = {
				LastUpgradeCheck = 0620;
				ORGANIZATIONNAME = zhenkun;
				TargetAttributes = {
					435161681B03268100621D45 = {
						CreatedOnToolsVersion = 6.2;
					};
					4351617D1B03268200621D45 = {
						CreatedOnToolsVersion = 6.2;
						TestTargetID = 435161681B03268100621D45;
					};
				};
			};
			buildConfigurationList = 435161641B03268100621D45 /* Build configuration list for PBXProject "ViewContainer_04" */;
			compatibilityVersion = "Xcode 3.2";
			developmentRegion = English;
			hasScannedForEncodings = 0;
			knownRegions = (
				en,
				Base,
			);
			mainGroup = 435161601B03268100621D45;
			productRefGroup = 4351616A1B03268100621D45 /* Products */;
			projectDirPath = "";
			projectRoot = "";
			targets = (
				435161681B03268100621D45 /* ViewContainer_04 */,
				4351617D1B03268200621D45 /* ViewContainer_04Tests */,
			);
		};
/* End PBXProject section */

/* Begin PBXResourcesBuildPhase section */
		435161671B03268100621D45 /* Resources */ = {
			isa = PBXResourcesBuildPhase;
			buildActionMask = 2147483647;
			files = (
				435161761B03268100621D45 /* Images.xcassets in Resources */,
			);
			runOnlyForDeploymentPostprocessing = 0;
		};
		4351617C1B03268200621D45 /* Resources */ = {
			isa = PBXResourcesBuildPhase;
			buildActionMask = 2147483647;
			files = (
			);
			runOnlyForDeploymentPostprocessing = 0;
		};
/* End PBXResourcesBuildPhase section */

/* Begin PBXSourcesBuildPhase section */
		435161651B03268100621D45 /* Sources */ = {
			isa = PBXSourcesBuildPhase;
			buildActionMask = 2147483647;
			files = (
				4351616F1B03268100621D45 /* AppDelegate.swift in Sources */,
				4351618F1B0326B100621D45 /* MainView.swift in Sources */,
			);
			runOnlyForDeploymentPostprocessing = 0;
		};
		4351617A1B03268200621D45 /* Sources */ = {
			isa = PBXSourcesBuildPhase;
			buildActionMask = 2147483647;
			files = (
				435161851B03268200621D45 /* ViewContainer_04Tests.swift in Sources */,
			);
			runOnlyForDeploymentPostprocessing = 0;
		};
/* End PBXSourcesBuildPhase section */

/* Begin PBXTargetDependency section */
		435161801B03268200621D45 /* PBXTargetDependency */ = {
			isa = PBXTargetDependency;
			target = 435161681B03268100621D45 /* ViewContainer_04 */;
			targetProxy = 4351617F1B03268200621D45 /* PBXContainerItemProxy */;
		};
/* End PBXTargetDependency section */

/* Begin XCBuildConfiguration section */
		435161861B03268200621D45 /* Debug */ = {
			isa = XCBuildConfiguration;
			buildSettings = {
				ALWAYS_SEARCH_USER_PATHS = NO;
				CLANG_CXX_LANGUAGE_STANDARD = "gnu++0x";
				CLANG_CXX_LIBRARY = "libc++";
				CLANG_ENABLE_MODULES = YES;
				CLANG_ENABLE_OBJC_ARC = YES;
				CLANG_WARN_BOOL_CONVERSION = YES;
				CLANG_WARN_CONSTANT_CONVERSION = YES;
				CLANG_WARN_DIRECT_OBJC_ISA_USAGE = YES_ERROR;
				CLANG_WARN_EMPTY_BODY = YES;
				CLANG_WARN_ENUM_CONVERSION = YES;
				CLANG_WARN_INT_CONVERSION = YES;
				CLANG_WARN_OBJC_ROOT_CLASS = YES_ERROR;
				CLANG_WARN_UNREACHABLE_CODE = YES;
				CLANG_WARN__DUPLICATE_METHOD_MATCH = YES;
				"CODE_SIGN_IDENTITY[sdk=iphoneos*]" = "iPhone Developer";
				COPY_PHASE_STRIP = NO;
				ENABLE_STRICT_OBJC_MSGSEND = YES;
				GCC_C_LANGUAGE_STANDARD = gnu99;
				GCC_DYNAMIC_NO_PIC = NO;
				GCC_OPTIMIZATION_LEVEL = 0;
				GCC_PREPROCESSOR_DEFINITIONS = (
					"DEBUG=1",
					"$(inherited)",
				);
				GCC_SYMBOLS_PRIVATE_EXTERN = NO;
				GCC_WARN_64_TO_32_BIT_CONVERSION = YES;
				GCC_WARN_ABOUT_RETURN_TYPE = YES_ERROR;
				GCC_WARN_UNDECLARED_SELECTOR = YES;
				GCC_WARN_UNINITIALIZED_AUTOS = YES_AGGRESSIVE;
				GCC_WARN_UNUSED_FUNCTION = YES;
				GCC_WARN_UNUSED_VARIABLE = YES;
				IPHONEOS_DEPLOYMENT_TARGET = 8.2;
				MTL_ENABLE_DEBUG_INFO = YES;
				ONLY_ACTIVE_ARCH = YES;
				SDKROOT = iphoneos;
				SWIFT_OPTIMIZATION_LEVEL = "-Onone";
			};
			name = Debug;
		};
		435161871B03268200621D45 /* Release */ = {
			isa = XCBuildConfiguration;
			buildSettings = {
				ALWAYS_SEARCH_USER_PATHS = NO;
				CLANG_CXX_LANGUAGE_STANDARD = "gnu++0x";
				CLANG_CXX_LIBRARY = "libc++";
				CLANG_ENABLE_MODULES = YES;
				CLANG_ENABLE_OBJC_ARC = YES;
				CLANG_WARN_BOOL_CONVERSION = YES;
				CLANG_WARN_CONSTANT_CONVERSION = YES;
				CLANG_WARN_DIRECT_OBJC_ISA_USAGE = YES_ERROR;
				CLANG_WARN_EMPTY_BODY = YES;
				CLANG_WARN_ENUM_CONVERSION = YES;
				CLANG_WARN_INT_CONVERSION = YES;
				CLANG_WARN_OBJC_ROOT_CLASS = YES_ERROR;
				CLANG_WARN_UNREACHABLE_CODE = YES;
				CLANG_WARN__DUPLICATE_METHOD_MATCH = YES;
				"CODE_SIGN_IDENTITY[sdk=iphoneos*]" = "iPhone Developer";
				COPY_PHASE_STRIP = NO;
				ENABLE_NS_ASSERTIONS = NO;
				ENABLE_STRICT_OBJC_MSGSEND = YES;
				GCC_C_LANGUAGE_STANDARD = gnu99;
				GCC_WARN_64_TO_32_BIT_CONVERSION = YES;
				GCC_WARN_ABOUT_RETURN_TYPE = YES_ERROR;
				GCC_WARN_UNDECLARED_SELECTOR = YES;
				GCC_WARN_UNINITIALIZED_AUTOS = YES_AGGRESSIVE;
				GCC_WARN_UNUSED_FUNCTION = YES;
				GCC_WARN_UNUSED_VARIABLE = YES;
				IPHONEOS_DEPLOYMENT_TARGET = 8.2;
				MTL_ENABLE_DEBUG_INFO = NO;
				SDKROOT = iphoneos;
				VALIDATE_PRODUCT = YES;
			};
			name = Release;
		};
		435161891B03268200621D45 /* Debug */ = {
			isa = XCBuildConfiguration;
			buildSettings = {
				ASSETCATALOG_COMPILER_APPICON_NAME = AppIcon;
				INFOPLIST_FILE = ViewContainer_04/Info.plist;
				LD_RUNPATH_SEARCH_PATHS = "$(inherited) @executable_path/Frameworks";
				PRODUCT_NAME = "$(TARGET_NAME)";
			};
			name = Debug;
		};
		4351618A1B03268200621D45 /* Release */ = {
			isa = XCBuildConfiguration;
			buildSettings = {
				ASSETCATALOG_COMPILER_APPICON_NAME = AppIcon;
				INFOPLIST_FILE = ViewContainer_04/Info.plist;
				LD_RUNPATH_SEARCH_PATHS = "$(inherited) @executable_path/Frameworks";
				PRODUCT_NAME = "$(TARGET_NAME)";
			};
			name = Release;
		};
		4351618C1B03268200621D45 /* Debug */ = {
			isa = XCBuildConfiguration;
			buildSettings = {
				BUNDLE_LOADER = "$(TEST_HOST)";
				FRAMEWORK_SEARCH_PATHS = (
					"$(SDKROOT)/Developer/Library/Frameworks",
					"$(inherited)",
				);
				GCC_PREPROCESSOR_DEFINITIONS = (
					"DEBUG=1",
					"$(inherited)",
				);
				INFOPLIST_FILE = ViewContainer_04Tests/Info.plist;
				LD_RUNPATH_SEARCH_PATHS = "$(inherited) @executable_path/Frameworks @loader_path/Frameworks";
				PRODUCT_NAME = "$(TARGET_NAME)";
				TEST_HOST = "$(BUILT_PRODUCTS_DIR)/ViewContainer_04.app/ViewContainer_04";
			};
			name = Debug;
		};
		4351618D1B03268200621D45 /* Release */ = {
			isa = XCBuildConfiguration;
			buildSettings = {
				BUNDLE_LOADER = "$(TEST_HOST)";
				FRAMEWORK_SEARCH_PATHS = (
					"$(SDKROOT)/Developer/Library/Frameworks",
					"$(inherited)",
				);
				INFOPLIST_FILE = ViewContainer_04Tests/Info.plist;
				LD_RUNPATH_SEARCH_PATHS = "$(inherited) @executable_path/Frameworks @loader_path/Frameworks";
				PRODUCT_NAME = "$(TARGET_NAME)";
				TEST_HOST = "$(BUILT_PRODUCTS_DIR)/ViewContainer_04.app/ViewContainer_04";
			};
			name = Release;
		};
/* End XCBuildConfiguration section */

/* Begin XCConfigurationList section */
		435161641B03268100621D45 /* Build configuration list for PBXProject "ViewContainer_04" */ = {
			isa = XCConfigurationList;
			buildConfigurations = (
				435161861B03268200621D45 /* Debug */,
				435161871B03268200621D45 /* Release */,
			);
			defaultConfigurationIsVisible = 0;
			defaultConfigurationName = Release;
		};
		435161881B03268200621D45 /* Build configuration list for PBXNativeTarget "ViewContainer_04" */ = {
			isa = XCConfigurationList;
			buildConfigurations = (
				435161891B03268200621D45 /* Debug */,
				4351618A1B03268200621D45 /* Release */,
			);
			defaultConfigurationIsVisible = 0;
			defaultConfigurationName = Release;
		};
		4351618B1B03268200621D45 /* Build configuration list for PBXNativeTarget "ViewContainer_04Tests" */ = {
			isa = XCConfigurationList;
			buildConfigurations = (
				4351618C1B03268200621D45 /* Debug */,
				4351618D1B03268200621D45 /* Release */,
			);
			defaultConfigurationIsVisible = 0;
			defaultConfigurationName = Release;
		};
/* End XCConfigurationList section */
	};
	rootObject = 435161611B03268100621D45 /* Project object */;
}
