// !$*UTF8*$!
{
	archiveVersion = 1;
	classes = {
	};
	objectVersion = 46;
	objects = {

/* Begin PBXBuildFile section */
		4351610D1B02DD8400621D45 /* AppDelegate.swift in Sources */ = {isa = PBXBuildFile; fileRef = 4351610C1B02DD8400621D45 /* AppDelegate.swift */; };
		435161141B02DD8400621D45 /* Images.xcassets in Resources */ = {isa = PBXBuildFile; fileRef = 435161131B02DD8400621D45 /* Images.xcassets */; };
		435161231B02DD8400621D45 /* ViewContainer_02Tests.swift in Sources */ = {isa = PBXBuildFile; fileRef = 435161221B02DD8400621D45 /* ViewContainer_02Tests.swift */; };
		4351612D1B02DDD600621D45 /* MainView.swift in Sources */ = {isa = PBXBuildFile; fileRef = 4351612C1B02DDD600621D45 /* MainView.swift */; };
/* End PBXBuildFile section */

/* Begin PBXContainerItemProxy section */
		4351611D1B02DD8400621D45 /* PBXContainerItemProxy */ = {
			isa = PBXContainerItemProxy;
			containerPortal = 435160FF1B02DD8400621D45 /* Project object */;
			proxyType = 1;
			remoteGlobalIDString = 435161061B02DD8400621D45;
			remoteInfo = ViewContainer_02;
		};
/* End PBXContainerItemProxy section */

/* Begin PBXFileReference section */
		435161071B02DD8400621D45 /* ViewContainer_02.app */ = {isa = PBXFileReference; explicitFileType = wrapper.application; includeInIndex = 0; path = ViewContainer_02.app; sourceTree = BUILT_PRODUCTS_DIR; };
		4351610B1B02DD8400621D45 /* Info.plist */ = {isa = PBXFileReference; lastKnownFileType = text.plist.xml; path = Info.plist; sourceTree = "<group>"; };
		4351610C1B02DD8400621D45 /* AppDelegate.swift */ = {isa = PBXFileReference; lastKnownFileType = sourcecode.swift; path = AppDelegate.swift; sourceTree = "<group>"; };
		435161131B02DD8400621D45 /* Images.xcassets */ = {isa = PBXFileReference; lastKnownFileType = folder.assetcatalog; path = Images.xcassets; sourceTree = "<group>"; };
		4351611C1B02DD8400621D45 /* ViewContainer_02Tests.xctest */ = {isa = PBXFileReference; explicitFileType = wrapper.cfbundle; includeInIndex = 0; path = ViewContainer_02Tests.xctest; sourceTree = BUILT_PRODUCTS_DIR; };
		435161211B02DD8400621D45 /* Info.plist */ = {isa = PBXFileReference; lastKnownFileType = text.plist.xml; path = Info.plist; sourceTree = "<group>"; };
		435161221B02DD8400621D45 /* ViewContainer_02Tests.swift */ = {isa = PBXFileReference; lastKnownFileType = sourcecode.swift; path = ViewContainer_02Tests.swift; sourceTree = "<group>"; };
		4351612C1B02DDD600621D45 /* MainView.swift */ = {isa = PBXFileReference; fileEncoding = 4; lastKnownFileType = sourcecode.swift; path = MainView.swift; sourceTree = "<group>"; };
/* End PBXFileReference section */

/* Begin PBXFrameworksBuildPhase section */
		435161041B02DD8400621D45 /* Frameworks */ = {
			isa = PBXFrameworksBuildPhase;
			buildActionMask = 2147483647;
			files = (
			);
			runOnlyForDeploymentPostprocessing = 0;
		};
		435161191B02DD8400621D45 /* Frameworks */ = {
			isa = PBXFrameworksBuildPhase;
			buildActionMask = 2147483647;
			files = (
			);
			runOnlyForDeploymentPostprocessing = 0;
		};
/* End PBXFrameworksBuildPhase section */

/* Begin PBXGroup section */
		435160FE1B02DD8400621D45 = {
			isa = PBXGroup;
			children = (
				435161091B02DD8400621D45 /* ViewContainer_02 */,
				4351611F1B02DD8400621D45 /* ViewContainer_02Tests */,
				435161081B02DD8400621D45 /* Products */,
			);
			sourceTree = "<group>";
		};
		435161081B02DD8400621D45 /* Products */ = {
			isa = PBXGroup;
			children = (
				435161071B02DD8400621D45 /* ViewContainer_02.app */,
				4351611C1B02DD8400621D45 /* ViewContainer_02Tests.xctest */,
			);
			name = Products;
			sourceTree = "<group>";
		};
		435161091B02DD8400621D45 /* ViewContainer_02 */ = {
			isa = PBXGroup;
			children = (
				4351610C1B02DD8400621D45 /* AppDelegate.swift */,
				4351612C1B02DDD600621D45 /* MainView.swift */,
				435161131B02DD8400621D45 /* Images.xcassets */,
				4351610A1B02DD8400621D45 /* Supporting Files */,
			);
			path = ViewContainer_02;
			sourceTree = "<group>";
		};
		4351610A1B02DD8400621D45 /* Supporting Files */ = {
			isa = PBXGroup;
			children = (
				4351610B1B02DD8400621D45 /* Info.plist */,
			);
			name = "Supporting Files";
			sourceTree = "<group>";
		};
		4351611F1B02DD8400621D45 /* ViewContainer_02Tests */ = {
			isa = PBXGroup;
			children = (
				435161221B02DD8400621D45 /* ViewContainer_02Tests.swift */,
				435161201B02DD8400621D45 /* Supporting Files */,
			);
			path = ViewContainer_02Tests;
			sourceTree = "<group>";
		};
		435161201B02DD8400621D45 /* Supporting Files */ = {
			isa = PBXGroup;
			children = (
				435161211B02DD8400621D45 /* Info.plist */,
			);
			name = "Supporting Files";
			sourceTree = "<group>";
		};
/* End PBXGroup section */

/* Begin PBXNativeTarget section */
		435161061B02DD8400621D45 /* ViewContainer_02 */ = {
			isa = PBXNativeTarget;
			buildConfigurationList = 435161261B02DD8400621D45 /* Build configuration list for PBXNativeTarget "ViewContainer_02" */;
			buildPhases = (
				435161031B02DD8400621D45 /* Sources */,
				435161041B02DD8400621D45 /* Frameworks */,
				435161051B02DD8400621D45 /* Resources */,
			);
			buildRules = (
			);
			dependencies = (
			);
			name = ViewContainer_02;
			productName = ViewContainer_02;
			productReference = 435161071B02DD8400621D45 /* ViewContainer_02.app */;
			productType = "com.apple.product-type.application";
		};
		4351611B1B02DD8400621D45 /* ViewContainer_02Tests */ = {
			isa = PBXNativeTarget;
			buildConfigurationList = 435161291B02DD8400621D45 /* Build configuration list for PBXNativeTarget "ViewContainer_02Tests" */;
			buildPhases = (
				435161181B02DD8400621D45 /* Sources */,
				435161191B02DD8400621D45 /* Frameworks */,
				4351611A1B02DD8400621D45 /* Resources */,
			);
			buildRules = (
			);
			dependencies = (
				4351611E1B02DD8400621D45 /* PBXTargetDependency */,
			);
			name = ViewContainer_02Tests;
			productName = ViewContainer_02Tests;
			productReference = 4351611C1B02DD8400621D45 /* ViewContainer_02Tests.xctest */;
			productType = "com.apple.product-type.bundle.unit-test";
		};
/* End PBXNativeTarget section */

/* Begin PBXProject section */
		435160FF1B02DD8400621D45 /* Project object */ = {
			isa = PBXProject;
			attributes = {
				LastUpgradeCheck = 0620;
				ORGANIZATIONNAME = zhenkun;
				TargetAttributes = {
					435161061B02DD8400621D45 = {
						CreatedOnToolsVersion = 6.2;
					};
					4351611B1B02DD8400621D45 = {
						CreatedOnToolsVersion = 6.2;
						TestTargetID = 435161061B02DD8400621D45;
					};
				};
			};
			buildConfigurationList = 435161021B02DD8400621D45 /* Build configuration list for PBXProject "ViewContainer_02" */;
			compatibilityVersion = "Xcode 3.2";
			developmentRegion = English;
			hasScannedForEncodings = 0;
			knownRegions = (
				en,
				Base,
			);
			mainGroup = 435160FE1B02DD8400621D45;
			productRefGroup = 435161081B02DD8400621D45 /* Products */;
			projectDirPath = "";
			projectRoot = "";
			targets = (
				435161061B02DD8400621D45 /* ViewContainer_02 */,
				4351611B1B02DD8400621D45 /* ViewContainer_02Tests */,
			);
		};
/* End PBXProject section */

/* Begin PBXResourcesBuildPhase section */
		435161051B02DD8400621D45 /* Resources */ = {
			isa = PBXResourcesBuildPhase;
			buildActionMask = 2147483647;
			files = (
				435161141B02DD8400621D45 /* Images.xcassets in Resources */,
			);
			runOnlyForDeploymentPostprocessing = 0;
		};
		4351611A1B02DD8400621D45 /* Resources */ = {
			isa = PBXResourcesBuildPhase;
			buildActionMask = 2147483647;
			files = (
			);
			runOnlyForDeploymentPostprocessing = 0;
		};
/* End PBXResourcesBuildPhase section */

/* Begin PBXSourcesBuildPhase section */
		435161031B02DD8400621D45 /* Sources */ = {
			isa = PBXSourcesBuildPhase;
			buildActionMask = 2147483647;
			files = (
				4351610D1B02DD8400621D45 /* AppDelegate.swift in Sources */,
				4351612D1B02DDD600621D45 /* MainView.swift in Sources */,
			);
			runOnlyForDeploymentPostprocessing = 0;
		};
		435161181B02DD8400621D45 /* Sources */ = {
			isa = PBXSourcesBuildPhase;
			buildActionMask = 2147483647;
			files = (
				435161231B02DD8400621D45 /* ViewContainer_02Tests.swift in Sources */,
			);
			runOnlyForDeploymentPostprocessing = 0;
		};
/* End PBXSourcesBuildPhase section */

/* Begin PBXTargetDependency section */
		4351611E1B02DD8400621D45 /* PBXTargetDependency */ = {
			isa = PBXTargetDependency;
			target = 435161061B02DD8400621D45 /* ViewContainer_02 */;
			targetProxy = 4351611D1B02DD8400621D45 /* PBXContainerItemProxy */;
		};
/* End PBXTargetDependency section */

/* Begin XCBuildConfiguration section */
		435161241B02DD8400621D45 /* Debug */ = {
			isa = XCBuildConfiguration;
			buildSettings = {
				ALWAYS_SEARCH_USER_PATHS = NO;
				CLANG_CXX_LANGUAGE_STANDARD = "gnu++0x";
				CLANG_CXX_LIBRARY = "libc++";
				CLANG_ENABLE_MODULES = YES;
				CLANG_ENABLE_OBJC_ARC = YES;
				CLANG_WARN_BOOL_CONVERSION = YES;
				CLANG_WARN_CONSTANT_CONVERSION = YES;
				CLANG_WARN_DIRECT_OBJC_ISA_USAGE = YES_ERROR;
				CLANG_WARN_EMPTY_BODY = YES;
				CLANG_WARN_ENUM_CONVERSION = YES;
				CLANG_WARN_INT_CONVERSION = YES;
				CLANG_WARN_OBJC_ROOT_CLASS = YES_ERROR;
				CLANG_WARN_UNREACHABLE_CODE = YES;
				CLANG_WARN__DUPLICATE_METHOD_MATCH = YES;
				"CODE_SIGN_IDENTITY[sdk=iphoneos*]" = "iPhone Developer";
				COPY_PHASE_STRIP = NO;
				ENABLE_STRICT_OBJC_MSGSEND = YES;
				GCC_C_LANGUAGE_STANDARD = gnu99;
				GCC_DYNAMIC_NO_PIC = NO;
				GCC_OPTIMIZATION_LEVEL = 0;
				GCC_PREPROCESSOR_DEFINITIONS = (
					"DEBUG=1",
					"$(inherited)",
				);
				GCC_SYMBOLS_PRIVATE_EXTERN = NO;
				GCC_WARN_64_TO_32_BIT_CONVERSION = YES;
				GCC_WARN_ABOUT_RETURN_TYPE = YES_ERROR;
				GCC_WARN_UNDECLARED_SELECTOR = YES;
				GCC_WARN_UNINITIALIZED_AUTOS = YES_AGGRESSIVE;
				GCC_WARN_UNUSED_FUNCTION = YES;
				GCC_WARN_UNUSED_VARIABLE = YES;
				IPHONEOS_DEPLOYMENT_TARGET = 8.2;
				MTL_ENABLE_DEBUG_INFO = YES;
				ONLY_ACTIVE_ARCH = YES;
				SDKROOT = iphoneos;
				SWIFT_OPTIMIZATION_LEVEL = "-Onone";
			};
			name = Debug;
		};
		435161251B02DD8400621D45 /* Release */ = {
			isa = XCBuildConfiguration;
			buildSettings = {
				ALWAYS_SEARCH_USER_PATHS = NO;
				CLANG_CXX_LANGUAGE_STANDARD = "gnu++0x";
				CLANG_CXX_LIBRARY = "libc++";
				CLANG_ENABLE_MODULES = YES;
				CLANG_ENABLE_OBJC_ARC = YES;
				CLANG_WARN_BOOL_CONVERSION = YES;
				CLANG_WARN_CONSTANT_CONVERSION = YES;
				CLANG_WARN_DIRECT_OBJC_ISA_USAGE = YES_ERROR;
				CLANG_WARN_EMPTY_BODY = YES;
				CLANG_WARN_ENUM_CONVERSION = YES;
				CLANG_WARN_INT_CONVERSION = YES;
				CLANG_WARN_OBJC_ROOT_CLASS = YES_ERROR;
				CLANG_WARN_UNREACHABLE_CODE = YES;
				CLANG_WARN__DUPLICATE_METHOD_MATCH = YES;
				"CODE_SIGN_IDENTITY[sdk=iphoneos*]" = "iPhone Developer";
				COPY_PHASE_STRIP = NO;
				ENABLE_NS_ASSERTIONS = NO;
				ENABLE_STRICT_OBJC_MSGSEND = YES;
				GCC_C_LANGUAGE_STANDARD = gnu99;
				GCC_WARN_64_TO_32_BIT_CONVERSION = YES;
				GCC_WARN_ABOUT_RETURN_TYPE = YES_ERROR;
				GCC_WARN_UNDECLARED_SELECTOR = YES;
				GCC_WARN_UNINITIALIZED_AUTOS = YES_AGGRESSIVE;
				GCC_WARN_UNUSED_FUNCTION = YES;
				GCC_WARN_UNUSED_VARIABLE = YES;
				IPHONEOS_DEPLOYMENT_TARGET = 8.2;
				MTL_ENABLE_DEBUG_INFO = NO;
				SDKROOT = iphoneos;
				VALIDATE_PRODUCT = YES;
			};
			name = Release;
		};
		435161271B02DD8400621D45 /* Debug */ = {
			isa = XCBuildConfiguration;
			buildSettings = {
				ASSETCATALOG_COMPILER_APPICON_NAME = AppIcon;
				INFOPLIST_FILE = ViewContainer_02/Info.plist;
				LD_RUNPATH_SEARCH_PATHS = "$(inherited) @executable_path/Frameworks";
				PRODUCT_NAME = "$(TARGET_NAME)";
			};
			name = Debug;
		};
		435161281B02DD8400621D45 /* Release */ = {
			isa = XCBuildConfiguration;
			buildSettings = {
				ASSETCATALOG_COMPILER_APPICON_NAME = AppIcon;
				INFOPLIST_FILE = ViewContainer_02/Info.plist;
				LD_RUNPATH_SEARCH_PATHS = "$(inherited) @executable_path/Frameworks";
				PRODUCT_NAME = "$(TARGET_NAME)";
			};
			name = Release;
		};
		4351612A1B02DD8400621D45 /* Debug */ = {
			isa = XCBuildConfiguration;
			buildSettings = {
				BUNDLE_LOADER = "$(TEST_HOST)";
				FRAMEWORK_SEARCH_PATHS = (
					"$(SDKROOT)/Developer/Library/Frameworks",
					"$(inherited)",
				);
				GCC_PREPROCESSOR_DEFINITIONS = (
					"DEBUG=1",
					"$(inherited)",
				);
				INFOPLIST_FILE = ViewContainer_02Tests/Info.plist;
				LD_RUNPATH_SEARCH_PATHS = "$(inherited) @executable_path/Frameworks @loader_path/Frameworks";
				PRODUCT_NAME = "$(TARGET_NAME)";
				TEST_HOST = "$(BUILT_PRODUCTS_DIR)/ViewContainer_02.app/ViewContainer_02";
			};
			name = Debug;
		};
		4351612B1B02DD8400621D45 /* Release */ = {
			isa = XCBuildConfiguration;
			buildSettings = {
				BUNDLE_LOADER = "$(TEST_HOST)";
				FRAMEWORK_SEARCH_PATHS = (
					"$(SDKROOT)/Developer/Library/Frameworks",
					"$(inherited)",
				);
				INFOPLIST_FILE = ViewContainer_02Tests/Info.plist;
				LD_RUNPATH_SEARCH_PATHS = "$(inherited) @executable_path/Frameworks @loader_path/Frameworks";
				PRODUCT_NAME = "$(TARGET_NAME)";
				TEST_HOST = "$(BUILT_PRODUCTS_DIR)/ViewContainer_02.app/ViewContainer_02";
			};
			name = Release;
		};
/* End XCBuildConfiguration section */

/* Begin XCConfigurationList section */
		435161021B02DD8400621D45 /* Build configuration list for PBXProject "ViewContainer_02" */ = {
			isa = XCConfigurationList;
			buildConfigurations = (
				435161241B02DD8400621D45 /* Debug */,
				435161251B02DD8400621D45 /* Release */,
			);
			defaultConfigurationIsVisible = 0;
			defaultConfigurationName = Release;
		};
		435161261B02DD8400621D45 /* Build configuration list for PBXNativeTarget "ViewContainer_02" */ = {
			isa = XCConfigurationList;
			buildConfigurations = (
				435161271B02DD8400621D45 /* Debug */,
				435161281B02DD8400621D45 /* Release */,
			);
			defaultConfigurationIsVisible = 0;
		};
		435161291B02DD8400621D45 /* Build configuration list for PBXNativeTarget "ViewContainer_02Tests" */ = {
			isa = XCConfigurationList;
			buildConfigurations = (
				4351612A1B02DD8400621D45 /* Debug */,
				4351612B1B02DD8400621D45 /* Release */,
			);
			defaultConfigurationIsVisible = 0;
		};
/* End XCConfigurationList section */
	};
	rootObject = 435160FF1B02DD8400621D45 /* Project object */;
}
